// !$*UTF8*$!
{
	archiveVersion = 1;
	classes = {
	};
	objectVersion = 46;
	objects = {

/* Begin PBXBuildFile section */
		00E356F31AD99517003FC87E /* investimentusTests.m in Sources */ = {isa = PBXBuildFile; fileRef = 00E356F21AD99517003FC87E /* investimentusTests.m */; };
		13B07FBC1A68108700A75B9A /* AppDelegate.m in Sources */ = {isa = PBXBuildFile; fileRef = 13B07FB01A68108700A75B9A /* AppDelegate.m */; };
		13B07FBF1A68108700A75B9A /* Images.xcassets in Resources */ = {isa = PBXBuildFile; fileRef = 13B07FB51A68108700A75B9A /* Images.xcassets */; };
		13B07FC11A68108700A75B9A /* main.m in Sources */ = {isa = PBXBuildFile; fileRef = 13B07FB71A68108700A75B9A /* main.m */; };
		2D02E4BC1E0B4A80006451C7 /* AppDelegate.m in Sources */ = {isa = PBXBuildFile; fileRef = 13B07FB01A68108700A75B9A /* AppDelegate.m */; };
		2D02E4BD1E0B4A84006451C7 /* Images.xcassets in Resources */ = {isa = PBXBuildFile; fileRef = 13B07FB51A68108700A75B9A /* Images.xcassets */; };
		2D02E4BF1E0B4AB3006451C7 /* main.m in Sources */ = {isa = PBXBuildFile; fileRef = 13B07FB71A68108700A75B9A /* main.m */; };
		2DCD954D1E0B4F2C00145EB5 /* investimentusTests.m in Sources */ = {isa = PBXBuildFile; fileRef = 00E356F21AD99517003FC87E /* investimentusTests.m */; };
		44D5B7CA00285D59C4979497 /* libPods-investimentus-tvOS.a in Frameworks */ = {isa = PBXBuildFile; fileRef = E747D19A5D32209A0DAD2351 /* libPods-investimentus-tvOS.a */; };
		6EEAFE8E60A97EA36A515908 /* libPods-investimentus-investimentusTests.a in Frameworks */ = {isa = PBXBuildFile; fileRef = E48D8E23EED077B49AD43257 /* libPods-investimentus-investimentusTests.a */; };
		81AB9BB82411601600AC10FF /* LaunchScreen.storyboard in Resources */ = {isa = PBXBuildFile; fileRef = 81AB9BB72411601600AC10FF /* LaunchScreen.storyboard */; };
		95DB5998BF63393B8F763ADD /* libPods-investimentus-tvOSTests.a in Frameworks */ = {isa = PBXBuildFile; fileRef = 7F121E3F07EBC2C090B38C46 /* libPods-investimentus-tvOSTests.a */; };
		F5DA7158E41AD1AA47FFD6A1 /* libPods-investimentus.a in Frameworks */ = {isa = PBXBuildFile; fileRef = 8B5D1B258FCFE015F3427996 /* libPods-investimentus.a */; };
		2EF14715260E4A91A391602E /* Roboto-Black.ttf in Resources */ = {isa = PBXBuildFile; fileRef = A1DA92B711774990A7F7DCB7 /* Roboto-Black.ttf */; };
		33067FD4183349148554C707 /* Roboto-BlackItalic.ttf in Resources */ = {isa = PBXBuildFile; fileRef = 78F736F9D34F42B3B89DA955 /* Roboto-BlackItalic.ttf */; };
		51796180171642D993DF3128 /* Roboto-Bold.ttf in Resources */ = {isa = PBXBuildFile; fileRef = EDE1F5E78D4C44FCAA2C2257 /* Roboto-Bold.ttf */; };
		699C6209E6BF4AFC8539BDB2 /* Roboto-BoldItalic.ttf in Resources */ = {isa = PBXBuildFile; fileRef = 35F7C4D72F3C4E39844CB8A4 /* Roboto-BoldItalic.ttf */; };
		1E134B8DEE4244498775AA06 /* Roboto-Italic.ttf in Resources */ = {isa = PBXBuildFile; fileRef = 50D84B8BA25C4914BB31C8D1 /* Roboto-Italic.ttf */; };
		169FA2A04C874A2F999B28B5 /* Roboto-Light.ttf in Resources */ = {isa = PBXBuildFile; fileRef = 030C5E7BA5EE496FA4F76BC7 /* Roboto-Light.ttf */; };
		4DB7C966892F48BFBD5AABB1 /* Roboto-LightItalic.ttf in Resources */ = {isa = PBXBuildFile; fileRef = 37098DFAE39D43F890E4BD48 /* Roboto-LightItalic.ttf */; };
		C58C623B22E941C4B006FAAD /* Roboto-Medium.ttf in Resources */ = {isa = PBXBuildFile; fileRef = 6500BEC5DEB64FD99E4D9058 /* Roboto-Medium.ttf */; };
		8D07340E09324714B854AE43 /* Roboto-MediumItalic.ttf in Resources */ = {isa = PBXBuildFile; fileRef = 9841F7EEAA6B4E419E8D5C5F /* Roboto-MediumItalic.ttf */; };
		3F6AEC2D41294C83A6E43A57 /* Roboto-Regular.ttf in Resources */ = {isa = PBXBuildFile; fileRef = FB709C9F1D1F48779817D2F8 /* Roboto-Regular.ttf */; };
		56A002065C1F43D3BED70995 /* Roboto-Thin.ttf in Resources */ = {isa = PBXBuildFile; fileRef = D1248A46985541418332E49A /* Roboto-Thin.ttf */; };
		AEB7D2080C6C4B4F98087361 /* Roboto-ThinItalic.ttf in Resources */ = {isa = PBXBuildFile; fileRef = C9CBAB7D9DE140928AF71CFF /* Roboto-ThinItalic.ttf */; };
		F417509EE84647938CC486FD /* RobotoCondensed-Bold.ttf in Resources */ = {isa = PBXBuildFile; fileRef = 5A2E66CAF1AB4AB987AC4905 /* RobotoCondensed-Bold.ttf */; };
		8578CD76F26042AEA26556B7 /* RobotoCondensed-BoldItalic.ttf in Resources */ = {isa = PBXBuildFile; fileRef = E1DBE164A4814B75A835E1FB /* RobotoCondensed-BoldItalic.ttf */; };
		40C14406C8BF488597CFD89B /* RobotoCondensed-Italic.ttf in Resources */ = {isa = PBXBuildFile; fileRef = 96D4A84743394A41B6D62AFB /* RobotoCondensed-Italic.ttf */; };
		9925EF4A92094BF88D92331D /* RobotoCondensed-Light.ttf in Resources */ = {isa = PBXBuildFile; fileRef = 9E2A2D5372044ECEAFE9A81C /* RobotoCondensed-Light.ttf */; };
		76D78C3C8C65458085BCF32C /* RobotoCondensed-LightItalic.ttf in Resources */ = {isa = PBXBuildFile; fileRef = 49656D36B5934EDA909D6D53 /* RobotoCondensed-LightItalic.ttf */; };
		3B27C46DE51C49AA80F184C8 /* RobotoCondensed-Regular.ttf in Resources */ = {isa = PBXBuildFile; fileRef = 28519B831ECD4F319BCBCEBA /* RobotoCondensed-Regular.ttf */; };
		59370D1A29DB41529E53A0DF /* Bullpen3D.ttf in Resources */ = {isa = PBXBuildFile; fileRef = 2F43BE38C341439FBF5E3ED2 /* Bullpen3D.ttf */; };
		E0BBE9E76E51482DA8956077 /* Chigoda.ttf in Resources */ = {isa = PBXBuildFile; fileRef = F39809504579470093DD8D8B /* Chigoda.ttf */; };
		34FBD31D3A314EA9B4F11503 /* Magnolia.ttf in Resources */ = {isa = PBXBuildFile; fileRef = E90FA94DBA8045118C000444 /* Magnolia.ttf */; };
		DAAF5E051A2C43499C70E996 /* MagnoliaLight.ttf in Resources */ = {isa = PBXBuildFile; fileRef = 57B37BC1A5A144A3AB18A6CE /* MagnoliaLight.ttf */; };
		54BDFF17E6BF45B793C31930 /* Oswald-Bold.ttf in Resources */ = {isa = PBXBuildFile; fileRef = D0C0314BE39A472E85C2C1A4 /* Oswald-Bold.ttf */; };
		0D8D23298BA742B2A8A545DC /* Oswald-ExtraLight.ttf in Resources */ = {isa = PBXBuildFile; fileRef = B1A438FA39DE4BC4B3C1A6DD /* Oswald-ExtraLight.ttf */; };
		70DE560508C64864B652DC15 /* Oswald-Light.ttf in Resources */ = {isa = PBXBuildFile; fileRef = AE98391A1D3648BCBBF5C584 /* Oswald-Light.ttf */; };
		D08D0D2ED8154EEF95A48402 /* Oswald-Medium.ttf in Resources */ = {isa = PBXBuildFile; fileRef = 463AFE1FD84B4773ADB0330A /* Oswald-Medium.ttf */; };
		D32E9C8CB71B4FE1BE8396C9 /* Oswald-Regular.ttf in Resources */ = {isa = PBXBuildFile; fileRef = BDE2BEBFACFA4FF3970D10DE /* Oswald-Regular.ttf */; };
		0C0C997A3FD34F228E5727EE /* Oswald-SemiBold.ttf in Resources */ = {isa = PBXBuildFile; fileRef = DC48A55FA28646D5BA7770FF /* Oswald-SemiBold.ttf */; };
		77DEA8FC726A4CBEA759885D /* Oswald.ttf in Resources */ = {isa = PBXBuildFile; fileRef = CAEF5584C78F4FF09F0BABEE /* Oswald.ttf */; };
		3D7430F3DA754D3AB7C05704 /* AntDesign.ttf in Resources */ = {isa = PBXBuildFile; fileRef = C68B9D35A6F44AD0A390111F /* AntDesign.ttf */; };
		0D2DE32ADA7346B1B9829BFB /* Entypo.ttf in Resources */ = {isa = PBXBuildFile; fileRef = 13C97547A53148A781B274E2 /* Entypo.ttf */; };
		F65752C93C134B7C93F68484 /* EvilIcons.ttf in Resources */ = {isa = PBXBuildFile; fileRef = B8CB267CE94F4440B5F15645 /* EvilIcons.ttf */; };
		76C70D79298543C7A83D09DD /* Feather.ttf in Resources */ = {isa = PBXBuildFile; fileRef = E46C77D484C743009C908C0E /* Feather.ttf */; };
		F407432C3B274E35889369BF /* FontAwesome.ttf in Resources */ = {isa = PBXBuildFile; fileRef = 9BB90FCD7DEB47BAA368B82A /* FontAwesome.ttf */; };
		44B208AA0B29410DB55FD86F /* FontAwesome5_Brands.ttf in Resources */ = {isa = PBXBuildFile; fileRef = 1CBD9A32CE874DEEBAF7AD0B /* FontAwesome5_Brands.ttf */; };
		95744C7262E8450EA0FB5045 /* FontAwesome5_Regular.ttf in Resources */ = {isa = PBXBuildFile; fileRef = FF6925AD486A4CA28885A5F3 /* FontAwesome5_Regular.ttf */; };
		8B3E5565691C4B4A8A1D76E6 /* FontAwesome5_Solid.ttf in Resources */ = {isa = PBXBuildFile; fileRef = 663F0D85D397457983F35D1B /* FontAwesome5_Solid.ttf */; };
		0818CAEAAF954591B51D007F /* Fontisto.ttf in Resources */ = {isa = PBXBuildFile; fileRef = 49620F9A8D2149E5ADFB7620 /* Fontisto.ttf */; };
		16F77DB6FCEE4FA885EC6C36 /* Foundation.ttf in Resources */ = {isa = PBXBuildFile; fileRef = 5DC8A2706C8A41598520BC33 /* Foundation.ttf */; };
		DE5DC0A272F44905B5D83FCB /* Ionicons.ttf in Resources */ = {isa = PBXBuildFile; fileRef = 3060C026D53142F08732B428 /* Ionicons.ttf */; };
		0A3697E47B654A02A92F198B /* MaterialCommunityIcons.ttf in Resources */ = {isa = PBXBuildFile; fileRef = 622E4B9DA497430E9B5628B2 /* MaterialCommunityIcons.ttf */; };
		A604EBCEA8EC430A9B366E42 /* MaterialIcons.ttf in Resources */ = {isa = PBXBuildFile; fileRef = 572BCB4A399D4413B0DF1833 /* MaterialIcons.ttf */; };
		830B97409043499F9947DC3B /* Octicons.ttf in Resources */ = {isa = PBXBuildFile; fileRef = 63E3D38712FB4C2C886746EB /* Octicons.ttf */; };
		7B7FD9A3A89F449082420EB6 /* SimpleLineIcons.ttf in Resources */ = {isa = PBXBuildFile; fileRef = 6FD440E4EF5A45F2B92A16E6 /* SimpleLineIcons.ttf */; };
		FE3AD40778F44E1B8EB6D59C /* Zocial.ttf in Resources */ = {isa = PBXBuildFile; fileRef = 9A9750269A324E01A199BF2F /* Zocial.ttf */; };
/* End PBXBuildFile section */

/* Begin PBXContainerItemProxy section */
		00E356F41AD99517003FC87E /* PBXContainerItemProxy */ = {
			isa = PBXContainerItemProxy;
			containerPortal = 83CBB9F71A601CBA00E9B192 /* Project object */;
			proxyType = 1;
			remoteGlobalIDString = 13B07F861A680F5B00A75B9A;
			remoteInfo = investimentus;
		};
		2D02E4911E0B4A5D006451C7 /* PBXContainerItemProxy */ = {
			isa = PBXContainerItemProxy;
			containerPortal = 83CBB9F71A601CBA00E9B192 /* Project object */;
			proxyType = 1;
			remoteGlobalIDString = 2D02E47A1E0B4A5D006451C7;
			remoteInfo = "investimentus-tvOS";
		};
/* End PBXContainerItemProxy section */

/* Begin PBXFileReference section */
		008F07F21AC5B25A0029DE68 /* main.jsbundle */ = {isa = PBXFileReference; fileEncoding = 4; lastKnownFileType = text; path = main.jsbundle; sourceTree = "<group>"; };
		00E356EE1AD99517003FC87E /* investimentusTests.xctest */ = {isa = PBXFileReference; explicitFileType = wrapper.cfbundle; includeInIndex = 0; path = investimentusTests.xctest; sourceTree = BUILT_PRODUCTS_DIR; };
		00E356F11AD99517003FC87E /* Info.plist */ = {isa = PBXFileReference; lastKnownFileType = text.plist.xml; path = Info.plist; sourceTree = "<group>"; };
		00E356F21AD99517003FC87E /* investimentusTests.m */ = {isa = PBXFileReference; lastKnownFileType = sourcecode.c.objc; path = investimentusTests.m; sourceTree = "<group>"; };
		0ADF82F205EEB5FC0818FD0D /* Pods-investimentus-tvOSTests.debug.xcconfig */ = {isa = PBXFileReference; includeInIndex = 1; lastKnownFileType = text.xcconfig; name = "Pods-investimentus-tvOSTests.debug.xcconfig"; path = "Target Support Files/Pods-investimentus-tvOSTests/Pods-investimentus-tvOSTests.debug.xcconfig"; sourceTree = "<group>"; };
		13B07F961A680F5B00A75B9A /* investimentus.app */ = {isa = PBXFileReference; explicitFileType = wrapper.application; includeInIndex = 0; path = investimentus.app; sourceTree = BUILT_PRODUCTS_DIR; };
		13B07FAF1A68108700A75B9A /* AppDelegate.h */ = {isa = PBXFileReference; fileEncoding = 4; lastKnownFileType = sourcecode.c.h; name = AppDelegate.h; path = investimentus/AppDelegate.h; sourceTree = "<group>"; };
		13B07FB01A68108700A75B9A /* AppDelegate.m */ = {isa = PBXFileReference; fileEncoding = 4; lastKnownFileType = sourcecode.c.objc; name = AppDelegate.m; path = investimentus/AppDelegate.m; sourceTree = "<group>"; };
		13B07FB51A68108700A75B9A /* Images.xcassets */ = {isa = PBXFileReference; lastKnownFileType = folder.assetcatalog; name = Images.xcassets; path = investimentus/Images.xcassets; sourceTree = "<group>"; };
		13B07FB61A68108700A75B9A /* Info.plist */ = {isa = PBXFileReference; fileEncoding = 4; lastKnownFileType = text.plist.xml; name = Info.plist; path = investimentus/Info.plist; sourceTree = "<group>"; };
		13B07FB71A68108700A75B9A /* main.m */ = {isa = PBXFileReference; fileEncoding = 4; lastKnownFileType = sourcecode.c.objc; name = main.m; path = investimentus/main.m; sourceTree = "<group>"; };
		2BE6A9DDB4D0EE368B69CEFE /* Pods-investimentus-tvOS.debug.xcconfig */ = {isa = PBXFileReference; includeInIndex = 1; lastKnownFileType = text.xcconfig; name = "Pods-investimentus-tvOS.debug.xcconfig"; path = "Target Support Files/Pods-investimentus-tvOS/Pods-investimentus-tvOS.debug.xcconfig"; sourceTree = "<group>"; };
		2CDC8FC456E136E7420BF5BD /* Pods-investimentus-investimentusTests.debug.xcconfig */ = {isa = PBXFileReference; includeInIndex = 1; lastKnownFileType = text.xcconfig; name = "Pods-investimentus-investimentusTests.debug.xcconfig"; path = "Target Support Files/Pods-investimentus-investimentusTests/Pods-investimentus-investimentusTests.debug.xcconfig"; sourceTree = "<group>"; };
		2D02E47B1E0B4A5D006451C7 /* investimentus-tvOS.app */ = {isa = PBXFileReference; explicitFileType = wrapper.application; includeInIndex = 0; path = "investimentus-tvOS.app"; sourceTree = BUILT_PRODUCTS_DIR; };
		2D02E4901E0B4A5D006451C7 /* investimentus-tvOSTests.xctest */ = {isa = PBXFileReference; explicitFileType = wrapper.cfbundle; includeInIndex = 0; path = "investimentus-tvOSTests.xctest"; sourceTree = BUILT_PRODUCTS_DIR; };
		39AAA63D6C46429D61B53B08 /* Pods-investimentus-tvOSTests.release.xcconfig */ = {isa = PBXFileReference; includeInIndex = 1; lastKnownFileType = text.xcconfig; name = "Pods-investimentus-tvOSTests.release.xcconfig"; path = "Target Support Files/Pods-investimentus-tvOSTests/Pods-investimentus-tvOSTests.release.xcconfig"; sourceTree = "<group>"; };
		67D1BE72E399FDC720C5C380 /* Pods-investimentus-tvOS.release.xcconfig */ = {isa = PBXFileReference; includeInIndex = 1; lastKnownFileType = text.xcconfig; name = "Pods-investimentus-tvOS.release.xcconfig"; path = "Target Support Files/Pods-investimentus-tvOS/Pods-investimentus-tvOS.release.xcconfig"; sourceTree = "<group>"; };
		7F121E3F07EBC2C090B38C46 /* libPods-investimentus-tvOSTests.a */ = {isa = PBXFileReference; explicitFileType = archive.ar; includeInIndex = 0; path = "libPods-investimentus-tvOSTests.a"; sourceTree = BUILT_PRODUCTS_DIR; };
		81AB9BB72411601600AC10FF /* LaunchScreen.storyboard */ = {isa = PBXFileReference; fileEncoding = 4; lastKnownFileType = file.storyboard; name = LaunchScreen.storyboard; path = investimentus/LaunchScreen.storyboard; sourceTree = "<group>"; };
		8B5D1B258FCFE015F3427996 /* libPods-investimentus.a */ = {isa = PBXFileReference; explicitFileType = archive.ar; includeInIndex = 0; path = "libPods-investimentus.a"; sourceTree = BUILT_PRODUCTS_DIR; };
		B7AD69B9C440D05705516A56 /* Pods-investimentus.release.xcconfig */ = {isa = PBXFileReference; includeInIndex = 1; lastKnownFileType = text.xcconfig; name = "Pods-investimentus.release.xcconfig"; path = "Target Support Files/Pods-investimentus/Pods-investimentus.release.xcconfig"; sourceTree = "<group>"; };
		E48D8E23EED077B49AD43257 /* libPods-investimentus-investimentusTests.a */ = {isa = PBXFileReference; explicitFileType = archive.ar; includeInIndex = 0; path = "libPods-investimentus-investimentusTests.a"; sourceTree = BUILT_PRODUCTS_DIR; };
		E747D19A5D32209A0DAD2351 /* libPods-investimentus-tvOS.a */ = {isa = PBXFileReference; explicitFileType = archive.ar; includeInIndex = 0; path = "libPods-investimentus-tvOS.a"; sourceTree = BUILT_PRODUCTS_DIR; };
		ED297162215061F000B7C4FE /* JavaScriptCore.framework */ = {isa = PBXFileReference; lastKnownFileType = wrapper.framework; name = JavaScriptCore.framework; path = System/Library/Frameworks/JavaScriptCore.framework; sourceTree = SDKROOT; };
		ED2971642150620600B7C4FE /* JavaScriptCore.framework */ = {isa = PBXFileReference; lastKnownFileType = wrapper.framework; name = JavaScriptCore.framework; path = Platforms/AppleTVOS.platform/Developer/SDKs/AppleTVOS12.0.sdk/System/Library/Frameworks/JavaScriptCore.framework; sourceTree = DEVELOPER_DIR; };
		FC02FD7C2AA58091C46880DC /* Pods-investimentus-investimentusTests.release.xcconfig */ = {isa = PBXFileReference; includeInIndex = 1; lastKnownFileType = text.xcconfig; name = "Pods-investimentus-investimentusTests.release.xcconfig"; path = "Target Support Files/Pods-investimentus-investimentusTests/Pods-investimentus-investimentusTests.release.xcconfig"; sourceTree = "<group>"; };
		FFB92A94A20DE7BAFFCEEA52 /* Pods-investimentus.debug.xcconfig */ = {isa = PBXFileReference; includeInIndex = 1; lastKnownFileType = text.xcconfig; name = "Pods-investimentus.debug.xcconfig"; path = "Target Support Files/Pods-investimentus/Pods-investimentus.debug.xcconfig"; sourceTree = "<group>"; };
		A1DA92B711774990A7F7DCB7 /* Roboto-Black.ttf */ = {isa = PBXFileReference; name = "Roboto-Black.ttf"; path = "../assets/fonts/Roboto-Black.ttf"; sourceTree = "<group>"; fileEncoding = undefined; lastKnownFileType = unknown; explicitFileType = undefined; includeInIndex = 0; };
		78F736F9D34F42B3B89DA955 /* Roboto-BlackItalic.ttf */ = {isa = PBXFileReference; name = "Roboto-BlackItalic.ttf"; path = "../assets/fonts/Roboto-BlackItalic.ttf"; sourceTree = "<group>"; fileEncoding = undefined; lastKnownFileType = unknown; explicitFileType = undefined; includeInIndex = 0; };
		EDE1F5E78D4C44FCAA2C2257 /* Roboto-Bold.ttf */ = {isa = PBXFileReference; name = "Roboto-Bold.ttf"; path = "../assets/fonts/Roboto-Bold.ttf"; sourceTree = "<group>"; fileEncoding = undefined; lastKnownFileType = unknown; explicitFileType = undefined; includeInIndex = 0; };
		35F7C4D72F3C4E39844CB8A4 /* Roboto-BoldItalic.ttf */ = {isa = PBXFileReference; name = "Roboto-BoldItalic.ttf"; path = "../assets/fonts/Roboto-BoldItalic.ttf"; sourceTree = "<group>"; fileEncoding = undefined; lastKnownFileType = unknown; explicitFileType = undefined; includeInIndex = 0; };
		50D84B8BA25C4914BB31C8D1 /* Roboto-Italic.ttf */ = {isa = PBXFileReference; name = "Roboto-Italic.ttf"; path = "../assets/fonts/Roboto-Italic.ttf"; sourceTree = "<group>"; fileEncoding = undefined; lastKnownFileType = unknown; explicitFileType = undefined; includeInIndex = 0; };
		030C5E7BA5EE496FA4F76BC7 /* Roboto-Light.ttf */ = {isa = PBXFileReference; name = "Roboto-Light.ttf"; path = "../assets/fonts/Roboto-Light.ttf"; sourceTree = "<group>"; fileEncoding = undefined; lastKnownFileType = unknown; explicitFileType = undefined; includeInIndex = 0; };
		37098DFAE39D43F890E4BD48 /* Roboto-LightItalic.ttf */ = {isa = PBXFileReference; name = "Roboto-LightItalic.ttf"; path = "../assets/fonts/Roboto-LightItalic.ttf"; sourceTree = "<group>"; fileEncoding = undefined; lastKnownFileType = unknown; explicitFileType = undefined; includeInIndex = 0; };
		6500BEC5DEB64FD99E4D9058 /* Roboto-Medium.ttf */ = {isa = PBXFileReference; name = "Roboto-Medium.ttf"; path = "../assets/fonts/Roboto-Medium.ttf"; sourceTree = "<group>"; fileEncoding = undefined; lastKnownFileType = unknown; explicitFileType = undefined; includeInIndex = 0; };
		9841F7EEAA6B4E419E8D5C5F /* Roboto-MediumItalic.ttf */ = {isa = PBXFileReference; name = "Roboto-MediumItalic.ttf"; path = "../assets/fonts/Roboto-MediumItalic.ttf"; sourceTree = "<group>"; fileEncoding = undefined; lastKnownFileType = unknown; explicitFileType = undefined; includeInIndex = 0; };
		FB709C9F1D1F48779817D2F8 /* Roboto-Regular.ttf */ = {isa = PBXFileReference; name = "Roboto-Regular.ttf"; path = "../assets/fonts/Roboto-Regular.ttf"; sourceTree = "<group>"; fileEncoding = undefined; lastKnownFileType = unknown; explicitFileType = undefined; includeInIndex = 0; };
		D1248A46985541418332E49A /* Roboto-Thin.ttf */ = {isa = PBXFileReference; name = "Roboto-Thin.ttf"; path = "../assets/fonts/Roboto-Thin.ttf"; sourceTree = "<group>"; fileEncoding = undefined; lastKnownFileType = unknown; explicitFileType = undefined; includeInIndex = 0; };
		C9CBAB7D9DE140928AF71CFF /* Roboto-ThinItalic.ttf */ = {isa = PBXFileReference; name = "Roboto-ThinItalic.ttf"; path = "../assets/fonts/Roboto-ThinItalic.ttf"; sourceTree = "<group>"; fileEncoding = undefined; lastKnownFileType = unknown; explicitFileType = undefined; includeInIndex = 0; };
		5A2E66CAF1AB4AB987AC4905 /* RobotoCondensed-Bold.ttf */ = {isa = PBXFileReference; name = "RobotoCondensed-Bold.ttf"; path = "../assets/fonts/RobotoCondensed-Bold.ttf"; sourceTree = "<group>"; fileEncoding = undefined; lastKnownFileType = unknown; explicitFileType = undefined; includeInIndex = 0; };
		E1DBE164A4814B75A835E1FB /* RobotoCondensed-BoldItalic.ttf */ = {isa = PBXFileReference; name = "RobotoCondensed-BoldItalic.ttf"; path = "../assets/fonts/RobotoCondensed-BoldItalic.ttf"; sourceTree = "<group>"; fileEncoding = undefined; lastKnownFileType = unknown; explicitFileType = undefined; includeInIndex = 0; };
		96D4A84743394A41B6D62AFB /* RobotoCondensed-Italic.ttf */ = {isa = PBXFileReference; name = "RobotoCondensed-Italic.ttf"; path = "../assets/fonts/RobotoCondensed-Italic.ttf"; sourceTree = "<group>"; fileEncoding = undefined; lastKnownFileType = unknown; explicitFileType = undefined; includeInIndex = 0; };
		9E2A2D5372044ECEAFE9A81C /* RobotoCondensed-Light.ttf */ = {isa = PBXFileReference; name = "RobotoCondensed-Light.ttf"; path = "../assets/fonts/RobotoCondensed-Light.ttf"; sourceTree = "<group>"; fileEncoding = undefined; lastKnownFileType = unknown; explicitFileType = undefined; includeInIndex = 0; };
		49656D36B5934EDA909D6D53 /* RobotoCondensed-LightItalic.ttf */ = {isa = PBXFileReference; name = "RobotoCondensed-LightItalic.ttf"; path = "../assets/fonts/RobotoCondensed-LightItalic.ttf"; sourceTree = "<group>"; fileEncoding = undefined; lastKnownFileType = unknown; explicitFileType = undefined; includeInIndex = 0; };
		28519B831ECD4F319BCBCEBA /* RobotoCondensed-Regular.ttf */ = {isa = PBXFileReference; name = "RobotoCondensed-Regular.ttf"; path = "../assets/fonts/RobotoCondensed-Regular.ttf"; sourceTree = "<group>"; fileEncoding = undefined; lastKnownFileType = unknown; explicitFileType = undefined; includeInIndex = 0; };
		2F43BE38C341439FBF5E3ED2 /* Bullpen3D.ttf */ = {isa = PBXFileReference; name = "Bullpen3D.ttf"; path = "../assets/fonts/Bullpen3D.ttf"; sourceTree = "<group>"; fileEncoding = undefined; lastKnownFileType = unknown; explicitFileType = undefined; includeInIndex = 0; };
		F39809504579470093DD8D8B /* Chigoda.ttf */ = {isa = PBXFileReference; name = "Chigoda.ttf"; path = "../assets/fonts/Chigoda.ttf"; sourceTree = "<group>"; fileEncoding = undefined; lastKnownFileType = unknown; explicitFileType = undefined; includeInIndex = 0; };
		E90FA94DBA8045118C000444 /* Magnolia.ttf */ = {isa = PBXFileReference; name = "Magnolia.ttf"; path = "../assets/fonts/Magnolia.ttf"; sourceTree = "<group>"; fileEncoding = undefined; lastKnownFileType = unknown; explicitFileType = undefined; includeInIndex = 0; };
		57B37BC1A5A144A3AB18A6CE /* MagnoliaLight.ttf */ = {isa = PBXFileReference; name = "MagnoliaLight.ttf"; path = "../assets/fonts/MagnoliaLight.ttf"; sourceTree = "<group>"; fileEncoding = undefined; lastKnownFileType = unknown; explicitFileType = undefined; includeInIndex = 0; };
		D0C0314BE39A472E85C2C1A4 /* Oswald-Bold.ttf */ = {isa = PBXFileReference; name = "Oswald-Bold.ttf"; path = "../assets/fonts/Oswald-Bold.ttf"; sourceTree = "<group>"; fileEncoding = undefined; lastKnownFileType = unknown; explicitFileType = undefined; includeInIndex = 0; };
		B1A438FA39DE4BC4B3C1A6DD /* Oswald-ExtraLight.ttf */ = {isa = PBXFileReference; name = "Oswald-ExtraLight.ttf"; path = "../assets/fonts/Oswald-ExtraLight.ttf"; sourceTree = "<group>"; fileEncoding = undefined; lastKnownFileType = unknown; explicitFileType = undefined; includeInIndex = 0; };
		AE98391A1D3648BCBBF5C584 /* Oswald-Light.ttf */ = {isa = PBXFileReference; name = "Oswald-Light.ttf"; path = "../assets/fonts/Oswald-Light.ttf"; sourceTree = "<group>"; fileEncoding = undefined; lastKnownFileType = unknown; explicitFileType = undefined; includeInIndex = 0; };
		463AFE1FD84B4773ADB0330A /* Oswald-Medium.ttf */ = {isa = PBXFileReference; name = "Oswald-Medium.ttf"; path = "../assets/fonts/Oswald-Medium.ttf"; sourceTree = "<group>"; fileEncoding = undefined; lastKnownFileType = unknown; explicitFileType = undefined; includeInIndex = 0; };
		BDE2BEBFACFA4FF3970D10DE /* Oswald-Regular.ttf */ = {isa = PBXFileReference; name = "Oswald-Regular.ttf"; path = "../assets/fonts/Oswald-Regular.ttf"; sourceTree = "<group>"; fileEncoding = undefined; lastKnownFileType = unknown; explicitFileType = undefined; includeInIndex = 0; };
		DC48A55FA28646D5BA7770FF /* Oswald-SemiBold.ttf */ = {isa = PBXFileReference; name = "Oswald-SemiBold.ttf"; path = "../assets/fonts/Oswald-SemiBold.ttf"; sourceTree = "<group>"; fileEncoding = undefined; lastKnownFileType = unknown; explicitFileType = undefined; includeInIndex = 0; };
		CAEF5584C78F4FF09F0BABEE /* Oswald.ttf */ = {isa = PBXFileReference; name = "Oswald.ttf"; path = "../assets/fonts/Oswald.ttf"; sourceTree = "<group>"; fileEncoding = undefined; lastKnownFileType = unknown; explicitFileType = undefined; includeInIndex = 0; };
		C68B9D35A6F44AD0A390111F /* AntDesign.ttf */ = {isa = PBXFileReference; name = "AntDesign.ttf"; path = "../node_modules/react-native-vector-icons/Fonts/AntDesign.ttf"; sourceTree = "<group>"; fileEncoding = undefined; lastKnownFileType = unknown; explicitFileType = undefined; includeInIndex = 0; };
		13C97547A53148A781B274E2 /* Entypo.ttf */ = {isa = PBXFileReference; name = "Entypo.ttf"; path = "../node_modules/react-native-vector-icons/Fonts/Entypo.ttf"; sourceTree = "<group>"; fileEncoding = undefined; lastKnownFileType = unknown; explicitFileType = undefined; includeInIndex = 0; };
		B8CB267CE94F4440B5F15645 /* EvilIcons.ttf */ = {isa = PBXFileReference; name = "EvilIcons.ttf"; path = "../node_modules/react-native-vector-icons/Fonts/EvilIcons.ttf"; sourceTree = "<group>"; fileEncoding = undefined; lastKnownFileType = unknown; explicitFileType = undefined; includeInIndex = 0; };
		E46C77D484C743009C908C0E /* Feather.ttf */ = {isa = PBXFileReference; name = "Feather.ttf"; path = "../node_modules/react-native-vector-icons/Fonts/Feather.ttf"; sourceTree = "<group>"; fileEncoding = undefined; lastKnownFileType = unknown; explicitFileType = undefined; includeInIndex = 0; };
		9BB90FCD7DEB47BAA368B82A /* FontAwesome.ttf */ = {isa = PBXFileReference; name = "FontAwesome.ttf"; path = "../node_modules/react-native-vector-icons/Fonts/FontAwesome.ttf"; sourceTree = "<group>"; fileEncoding = undefined; lastKnownFileType = unknown; explicitFileType = undefined; includeInIndex = 0; };
		1CBD9A32CE874DEEBAF7AD0B /* FontAwesome5_Brands.ttf */ = {isa = PBXFileReference; name = "FontAwesome5_Brands.ttf"; path = "../node_modules/react-native-vector-icons/Fonts/FontAwesome5_Brands.ttf"; sourceTree = "<group>"; fileEncoding = undefined; lastKnownFileType = unknown; explicitFileType = undefined; includeInIndex = 0; };
		FF6925AD486A4CA28885A5F3 /* FontAwesome5_Regular.ttf */ = {isa = PBXFileReference; name = "FontAwesome5_Regular.ttf"; path = "../node_modules/react-native-vector-icons/Fonts/FontAwesome5_Regular.ttf"; sourceTree = "<group>"; fileEncoding = undefined; lastKnownFileType = unknown; explicitFileType = undefined; includeInIndex = 0; };
		663F0D85D397457983F35D1B /* FontAwesome5_Solid.ttf */ = {isa = PBXFileReference; name = "FontAwesome5_Solid.ttf"; path = "../node_modules/react-native-vector-icons/Fonts/FontAwesome5_Solid.ttf"; sourceTree = "<group>"; fileEncoding = undefined; lastKnownFileType = unknown; explicitFileType = undefined; includeInIndex = 0; };
		49620F9A8D2149E5ADFB7620 /* Fontisto.ttf */ = {isa = PBXFileReference; name = "Fontisto.ttf"; path = "../node_modules/react-native-vector-icons/Fonts/Fontisto.ttf"; sourceTree = "<group>"; fileEncoding = undefined; lastKnownFileType = unknown; explicitFileType = undefined; includeInIndex = 0; };
		5DC8A2706C8A41598520BC33 /* Foundation.ttf */ = {isa = PBXFileReference; name = "Foundation.ttf"; path = "../node_modules/react-native-vector-icons/Fonts/Foundation.ttf"; sourceTree = "<group>"; fileEncoding = undefined; lastKnownFileType = unknown; explicitFileType = undefined; includeInIndex = 0; };
		3060C026D53142F08732B428 /* Ionicons.ttf */ = {isa = PBXFileReference; name = "Ionicons.ttf"; path = "../node_modules/react-native-vector-icons/Fonts/Ionicons.ttf"; sourceTree = "<group>"; fileEncoding = undefined; lastKnownFileType = unknown; explicitFileType = undefined; includeInIndex = 0; };
		622E4B9DA497430E9B5628B2 /* MaterialCommunityIcons.ttf */ = {isa = PBXFileReference; name = "MaterialCommunityIcons.ttf"; path = "../node_modules/react-native-vector-icons/Fonts/MaterialCommunityIcons.ttf"; sourceTree = "<group>"; fileEncoding = undefined; lastKnownFileType = unknown; explicitFileType = undefined; includeInIndex = 0; };
		572BCB4A399D4413B0DF1833 /* MaterialIcons.ttf */ = {isa = PBXFileReference; name = "MaterialIcons.ttf"; path = "../node_modules/react-native-vector-icons/Fonts/MaterialIcons.ttf"; sourceTree = "<group>"; fileEncoding = undefined; lastKnownFileType = unknown; explicitFileType = undefined; includeInIndex = 0; };
		63E3D38712FB4C2C886746EB /* Octicons.ttf */ = {isa = PBXFileReference; name = "Octicons.ttf"; path = "../node_modules/react-native-vector-icons/Fonts/Octicons.ttf"; sourceTree = "<group>"; fileEncoding = undefined; lastKnownFileType = unknown; explicitFileType = undefined; includeInIndex = 0; };
		6FD440E4EF5A45F2B92A16E6 /* SimpleLineIcons.ttf */ = {isa = PBXFileReference; name = "SimpleLineIcons.ttf"; path = "../node_modules/react-native-vector-icons/Fonts/SimpleLineIcons.ttf"; sourceTree = "<group>"; fileEncoding = undefined; lastKnownFileType = unknown; explicitFileType = undefined; includeInIndex = 0; };
		9A9750269A324E01A199BF2F /* Zocial.ttf */ = {isa = PBXFileReference; name = "Zocial.ttf"; path = "../node_modules/react-native-vector-icons/Fonts/Zocial.ttf"; sourceTree = "<group>"; fileEncoding = undefined; lastKnownFileType = unknown; explicitFileType = undefined; includeInIndex = 0; };
/* End PBXFileReference section */

/* Begin PBXFrameworksBuildPhase section */
		00E356EB1AD99517003FC87E /* Frameworks */ = {
			isa = PBXFrameworksBuildPhase;
			buildActionMask = 2147483647;
			files = (
				6EEAFE8E60A97EA36A515908 /* libPods-investimentus-investimentusTests.a in Frameworks */,
			);
			runOnlyForDeploymentPostprocessing = 0;
		};
		13B07F8C1A680F5B00A75B9A /* Frameworks */ = {
			isa = PBXFrameworksBuildPhase;
			buildActionMask = 2147483647;
			files = (
				F5DA7158E41AD1AA47FFD6A1 /* libPods-investimentus.a in Frameworks */,
			);
			runOnlyForDeploymentPostprocessing = 0;
		};
		2D02E4781E0B4A5D006451C7 /* Frameworks */ = {
			isa = PBXFrameworksBuildPhase;
			buildActionMask = 2147483647;
			files = (
				44D5B7CA00285D59C4979497 /* libPods-investimentus-tvOS.a in Frameworks */,
			);
			runOnlyForDeploymentPostprocessing = 0;
		};
		2D02E48D1E0B4A5D006451C7 /* Frameworks */ = {
			isa = PBXFrameworksBuildPhase;
			buildActionMask = 2147483647;
			files = (
				95DB5998BF63393B8F763ADD /* libPods-investimentus-tvOSTests.a in Frameworks */,
			);
			runOnlyForDeploymentPostprocessing = 0;
		};
/* End PBXFrameworksBuildPhase section */

/* Begin PBXGroup section */
		00E356EF1AD99517003FC87E /* investimentusTests */ = {
			isa = PBXGroup;
			children = (
				00E356F21AD99517003FC87E /* investimentusTests.m */,
				00E356F01AD99517003FC87E /* Supporting Files */,
			);
			path = investimentusTests;
			sourceTree = "<group>";
		};
		00E356F01AD99517003FC87E /* Supporting Files */ = {
			isa = PBXGroup;
			children = (
				00E356F11AD99517003FC87E /* Info.plist */,
			);
			name = "Supporting Files";
			sourceTree = "<group>";
		};
		13B07FAE1A68108700A75B9A /* investimentus */ = {
			isa = PBXGroup;
			children = (
				008F07F21AC5B25A0029DE68 /* main.jsbundle */,
				13B07FAF1A68108700A75B9A /* AppDelegate.h */,
				13B07FB01A68108700A75B9A /* AppDelegate.m */,
				13B07FB51A68108700A75B9A /* Images.xcassets */,
				13B07FB61A68108700A75B9A /* Info.plist */,
				81AB9BB72411601600AC10FF /* LaunchScreen.storyboard */,
				13B07FB71A68108700A75B9A /* main.m */,
			);
			name = investimentus;
			sourceTree = "<group>";
		};
		29DA6CE97D1A45365075ACEF /* Pods */ = {
			isa = PBXGroup;
			children = (
				FFB92A94A20DE7BAFFCEEA52 /* Pods-investimentus.debug.xcconfig */,
				B7AD69B9C440D05705516A56 /* Pods-investimentus.release.xcconfig */,
				2CDC8FC456E136E7420BF5BD /* Pods-investimentus-investimentusTests.debug.xcconfig */,
				FC02FD7C2AA58091C46880DC /* Pods-investimentus-investimentusTests.release.xcconfig */,
				2BE6A9DDB4D0EE368B69CEFE /* Pods-investimentus-tvOS.debug.xcconfig */,
				67D1BE72E399FDC720C5C380 /* Pods-investimentus-tvOS.release.xcconfig */,
				0ADF82F205EEB5FC0818FD0D /* Pods-investimentus-tvOSTests.debug.xcconfig */,
				39AAA63D6C46429D61B53B08 /* Pods-investimentus-tvOSTests.release.xcconfig */,
			);
			name = Pods;
			path = Pods;
			sourceTree = "<group>";
		};
		2D16E6871FA4F8E400B85C8A /* Frameworks */ = {
			isa = PBXGroup;
			children = (
				ED297162215061F000B7C4FE /* JavaScriptCore.framework */,
				ED2971642150620600B7C4FE /* JavaScriptCore.framework */,
				8B5D1B258FCFE015F3427996 /* libPods-investimentus.a */,
				E48D8E23EED077B49AD43257 /* libPods-investimentus-investimentusTests.a */,
				E747D19A5D32209A0DAD2351 /* libPods-investimentus-tvOS.a */,
				7F121E3F07EBC2C090B38C46 /* libPods-investimentus-tvOSTests.a */,
			);
			name = Frameworks;
			sourceTree = "<group>";
		};
		832341AE1AAA6A7D00B99B32 /* Libraries */ = {
			isa = PBXGroup;
			children = (
			);
			name = Libraries;
			sourceTree = "<group>";
		};
		83CBB9F61A601CBA00E9B192 = {
			isa = PBXGroup;
			children = (
				13B07FAE1A68108700A75B9A /* investimentus */,
				832341AE1AAA6A7D00B99B32 /* Libraries */,
				00E356EF1AD99517003FC87E /* investimentusTests */,
				83CBBA001A601CBA00E9B192 /* Products */,
				2D16E6871FA4F8E400B85C8A /* Frameworks */,
				29DA6CE97D1A45365075ACEF /* Pods */,
				7E4AB5EB38144F0BB90FFD29 /* Resources */,
			);
			indentWidth = 2;
			sourceTree = "<group>";
			tabWidth = 2;
			usesTabs = 0;
		};
		83CBBA001A601CBA00E9B192 /* Products */ = {
			isa = PBXGroup;
			children = (
				13B07F961A680F5B00A75B9A /* investimentus.app */,
				00E356EE1AD99517003FC87E /* investimentusTests.xctest */,
				2D02E47B1E0B4A5D006451C7 /* investimentus-tvOS.app */,
				2D02E4901E0B4A5D006451C7 /* investimentus-tvOSTests.xctest */,
			);
			name = Products;
			sourceTree = "<group>";
		};
		7E4AB5EB38144F0BB90FFD29 /* Resources */ = {
			isa = "PBXGroup";
			children = (
				A1DA92B711774990A7F7DCB7 /* Roboto-Black.ttf */,
				78F736F9D34F42B3B89DA955 /* Roboto-BlackItalic.ttf */,
				EDE1F5E78D4C44FCAA2C2257 /* Roboto-Bold.ttf */,
				35F7C4D72F3C4E39844CB8A4 /* Roboto-BoldItalic.ttf */,
				50D84B8BA25C4914BB31C8D1 /* Roboto-Italic.ttf */,
				030C5E7BA5EE496FA4F76BC7 /* Roboto-Light.ttf */,
				37098DFAE39D43F890E4BD48 /* Roboto-LightItalic.ttf */,
				6500BEC5DEB64FD99E4D9058 /* Roboto-Medium.ttf */,
				9841F7EEAA6B4E419E8D5C5F /* Roboto-MediumItalic.ttf */,
				FB709C9F1D1F48779817D2F8 /* Roboto-Regular.ttf */,
				D1248A46985541418332E49A /* Roboto-Thin.ttf */,
				C9CBAB7D9DE140928AF71CFF /* Roboto-ThinItalic.ttf */,
				5A2E66CAF1AB4AB987AC4905 /* RobotoCondensed-Bold.ttf */,
				E1DBE164A4814B75A835E1FB /* RobotoCondensed-BoldItalic.ttf */,
				96D4A84743394A41B6D62AFB /* RobotoCondensed-Italic.ttf */,
				9E2A2D5372044ECEAFE9A81C /* RobotoCondensed-Light.ttf */,
				49656D36B5934EDA909D6D53 /* RobotoCondensed-LightItalic.ttf */,
				28519B831ECD4F319BCBCEBA /* RobotoCondensed-Regular.ttf */,
				2F43BE38C341439FBF5E3ED2 /* Bullpen3D.ttf */,
				F39809504579470093DD8D8B /* Chigoda.ttf */,
				E90FA94DBA8045118C000444 /* Magnolia.ttf */,
				57B37BC1A5A144A3AB18A6CE /* MagnoliaLight.ttf */,
				D0C0314BE39A472E85C2C1A4 /* Oswald-Bold.ttf */,
				B1A438FA39DE4BC4B3C1A6DD /* Oswald-ExtraLight.ttf */,
				AE98391A1D3648BCBBF5C584 /* Oswald-Light.ttf */,
				463AFE1FD84B4773ADB0330A /* Oswald-Medium.ttf */,
				BDE2BEBFACFA4FF3970D10DE /* Oswald-Regular.ttf */,
				DC48A55FA28646D5BA7770FF /* Oswald-SemiBold.ttf */,
				CAEF5584C78F4FF09F0BABEE /* Oswald.ttf */,
				C68B9D35A6F44AD0A390111F /* AntDesign.ttf */,
				13C97547A53148A781B274E2 /* Entypo.ttf */,
				B8CB267CE94F4440B5F15645 /* EvilIcons.ttf */,
				E46C77D484C743009C908C0E /* Feather.ttf */,
				9BB90FCD7DEB47BAA368B82A /* FontAwesome.ttf */,
				1CBD9A32CE874DEEBAF7AD0B /* FontAwesome5_Brands.ttf */,
				FF6925AD486A4CA28885A5F3 /* FontAwesome5_Regular.ttf */,
				663F0D85D397457983F35D1B /* FontAwesome5_Solid.ttf */,
				49620F9A8D2149E5ADFB7620 /* Fontisto.ttf */,
				5DC8A2706C8A41598520BC33 /* Foundation.ttf */,
				3060C026D53142F08732B428 /* Ionicons.ttf */,
				622E4B9DA497430E9B5628B2 /* MaterialCommunityIcons.ttf */,
				572BCB4A399D4413B0DF1833 /* MaterialIcons.ttf */,
				63E3D38712FB4C2C886746EB /* Octicons.ttf */,
				6FD440E4EF5A45F2B92A16E6 /* SimpleLineIcons.ttf */,
				9A9750269A324E01A199BF2F /* Zocial.ttf */,
			);
			name = Resources;
			sourceTree = "<group>";
			path = "";
		};
/* End PBXGroup section */

/* Begin PBXNativeTarget section */
		00E356ED1AD99517003FC87E /* investimentusTests */ = {
			isa = PBXNativeTarget;
			buildConfigurationList = 00E357021AD99517003FC87E /* Build configuration list for PBXNativeTarget "investimentusTests" */;
			buildPhases = (
				AB8BA712A9E3C8299FEDF685 /* [CP] Check Pods Manifest.lock */,
				00E356EA1AD99517003FC87E /* Sources */,
				00E356EB1AD99517003FC87E /* Frameworks */,
				00E356EC1AD99517003FC87E /* Resources */,
				E9E7302C7165BD852410D3F9 /* [CP] Copy Pods Resources */,
			);
			buildRules = (
			);
			dependencies = (
				00E356F51AD99517003FC87E /* PBXTargetDependency */,
			);
			name = investimentusTests;
			productName = investimentusTests;
			productReference = 00E356EE1AD99517003FC87E /* investimentusTests.xctest */;
			productType = "com.apple.product-type.bundle.unit-test";
		};
		13B07F861A680F5B00A75B9A /* investimentus */ = {
			isa = PBXNativeTarget;
			buildConfigurationList = 13B07F931A680F5B00A75B9A /* Build configuration list for PBXNativeTarget "investimentus" */;
			buildPhases = (
				56BB0964D66ACA81CB329058 /* [CP] Check Pods Manifest.lock */,
				FD10A7F022414F080027D42C /* Start Packager */,
				13B07F871A680F5B00A75B9A /* Sources */,
				13B07F8C1A680F5B00A75B9A /* Frameworks */,
				13B07F8E1A680F5B00A75B9A /* Resources */,
				00DD1BFF1BD5951E006B06BC /* Bundle React Native code and images */,
				939AA040A749BEA451C41FAF /* [CP] Copy Pods Resources */,
			);
			buildRules = (
			);
			dependencies = (
			);
			name = investimentus;
			productName = investimentus;
			productReference = 13B07F961A680F5B00A75B9A /* investimentus.app */;
			productType = "com.apple.product-type.application";
		};
		2D02E47A1E0B4A5D006451C7 /* investimentus-tvOS */ = {
			isa = PBXNativeTarget;
			buildConfigurationList = 2D02E4BA1E0B4A5E006451C7 /* Build configuration list for PBXNativeTarget "investimentus-tvOS" */;
			buildPhases = (
				AC5C4317885471049C253EC5 /* [CP] Check Pods Manifest.lock */,
				FD10A7F122414F3F0027D42C /* Start Packager */,
				2D02E4771E0B4A5D006451C7 /* Sources */,
				2D02E4781E0B4A5D006451C7 /* Frameworks */,
				2D02E4791E0B4A5D006451C7 /* Resources */,
				2D02E4CB1E0B4B27006451C7 /* Bundle React Native Code And Images */,
			);
			buildRules = (
			);
			dependencies = (
			);
			name = "investimentus-tvOS";
			productName = "investimentus-tvOS";
			productReference = 2D02E47B1E0B4A5D006451C7 /* investimentus-tvOS.app */;
			productType = "com.apple.product-type.application";
		};
		2D02E48F1E0B4A5D006451C7 /* investimentus-tvOSTests */ = {
			isa = PBXNativeTarget;
			buildConfigurationList = 2D02E4BB1E0B4A5E006451C7 /* Build configuration list for PBXNativeTarget "investimentus-tvOSTests" */;
			buildPhases = (
				FB35D294DF0A3DECEA5AB016 /* [CP] Check Pods Manifest.lock */,
				2D02E48C1E0B4A5D006451C7 /* Sources */,
				2D02E48D1E0B4A5D006451C7 /* Frameworks */,
				2D02E48E1E0B4A5D006451C7 /* Resources */,
			);
			buildRules = (
			);
			dependencies = (
				2D02E4921E0B4A5D006451C7 /* PBXTargetDependency */,
			);
			name = "investimentus-tvOSTests";
			productName = "investimentus-tvOSTests";
			productReference = 2D02E4901E0B4A5D006451C7 /* investimentus-tvOSTests.xctest */;
			productType = "com.apple.product-type.bundle.unit-test";
		};
/* End PBXNativeTarget section */

/* Begin PBXProject section */
		83CBB9F71A601CBA00E9B192 /* Project object */ = {
			isa = PBXProject;
			attributes = {
				LastUpgradeCheck = 1130;
				TargetAttributes = {
					00E356ED1AD99517003FC87E = {
						CreatedOnToolsVersion = 6.2;
						TestTargetID = 13B07F861A680F5B00A75B9A;
					};
					13B07F861A680F5B00A75B9A = {
						LastSwiftMigration = 1120;
					};
					2D02E47A1E0B4A5D006451C7 = {
						CreatedOnToolsVersion = 8.2.1;
						ProvisioningStyle = Automatic;
					};
					2D02E48F1E0B4A5D006451C7 = {
						CreatedOnToolsVersion = 8.2.1;
						ProvisioningStyle = Automatic;
						TestTargetID = 2D02E47A1E0B4A5D006451C7;
					};
				};
			};
			buildConfigurationList = 83CBB9FA1A601CBA00E9B192 /* Build configuration list for PBXProject "investimentus" */;
			compatibilityVersion = "Xcode 3.2";
			developmentRegion = en;
			hasScannedForEncodings = 0;
			knownRegions = (
				en,
				Base,
			);
			mainGroup = 83CBB9F61A601CBA00E9B192;
			productRefGroup = 83CBBA001A601CBA00E9B192 /* Products */;
			projectDirPath = "";
			projectRoot = "";
			targets = (
				13B07F861A680F5B00A75B9A /* investimentus */,
				00E356ED1AD99517003FC87E /* investimentusTests */,
				2D02E47A1E0B4A5D006451C7 /* investimentus-tvOS */,
				2D02E48F1E0B4A5D006451C7 /* investimentus-tvOSTests */,
			);
		};
/* End PBXProject section */

/* Begin PBXResourcesBuildPhase section */
		00E356EC1AD99517003FC87E /* Resources */ = {
			isa = PBXResourcesBuildPhase;
			buildActionMask = 2147483647;
			files = (
			);
			runOnlyForDeploymentPostprocessing = 0;
		};
		13B07F8E1A680F5B00A75B9A /* Resources */ = {
			isa = PBXResourcesBuildPhase;
			buildActionMask = 2147483647;
			files = (
				81AB9BB82411601600AC10FF /* LaunchScreen.storyboard in Resources */,
				13B07FBF1A68108700A75B9A /* Images.xcassets in Resources */,
				2EF14715260E4A91A391602E /* Roboto-Black.ttf in Resources */,
				33067FD4183349148554C707 /* Roboto-BlackItalic.ttf in Resources */,
				51796180171642D993DF3128 /* Roboto-Bold.ttf in Resources */,
				699C6209E6BF4AFC8539BDB2 /* Roboto-BoldItalic.ttf in Resources */,
				1E134B8DEE4244498775AA06 /* Roboto-Italic.ttf in Resources */,
				169FA2A04C874A2F999B28B5 /* Roboto-Light.ttf in Resources */,
				4DB7C966892F48BFBD5AABB1 /* Roboto-LightItalic.ttf in Resources */,
				C58C623B22E941C4B006FAAD /* Roboto-Medium.ttf in Resources */,
				8D07340E09324714B854AE43 /* Roboto-MediumItalic.ttf in Resources */,
				3F6AEC2D41294C83A6E43A57 /* Roboto-Regular.ttf in Resources */,
				56A002065C1F43D3BED70995 /* Roboto-Thin.ttf in Resources */,
				AEB7D2080C6C4B4F98087361 /* Roboto-ThinItalic.ttf in Resources */,
				F417509EE84647938CC486FD /* RobotoCondensed-Bold.ttf in Resources */,
				8578CD76F26042AEA26556B7 /* RobotoCondensed-BoldItalic.ttf in Resources */,
				40C14406C8BF488597CFD89B /* RobotoCondensed-Italic.ttf in Resources */,
				9925EF4A92094BF88D92331D /* RobotoCondensed-Light.ttf in Resources */,
				76D78C3C8C65458085BCF32C /* RobotoCondensed-LightItalic.ttf in Resources */,
				3B27C46DE51C49AA80F184C8 /* RobotoCondensed-Regular.ttf in Resources */,
				59370D1A29DB41529E53A0DF /* Bullpen3D.ttf in Resources */,
				E0BBE9E76E51482DA8956077 /* Chigoda.ttf in Resources */,
				34FBD31D3A314EA9B4F11503 /* Magnolia.ttf in Resources */,
				DAAF5E051A2C43499C70E996 /* MagnoliaLight.ttf in Resources */,
				54BDFF17E6BF45B793C31930 /* Oswald-Bold.ttf in Resources */,
				0D8D23298BA742B2A8A545DC /* Oswald-ExtraLight.ttf in Resources */,
				70DE560508C64864B652DC15 /* Oswald-Light.ttf in Resources */,
				D08D0D2ED8154EEF95A48402 /* Oswald-Medium.ttf in Resources */,
				D32E9C8CB71B4FE1BE8396C9 /* Oswald-Regular.ttf in Resources */,
				0C0C997A3FD34F228E5727EE /* Oswald-SemiBold.ttf in Resources */,
				77DEA8FC726A4CBEA759885D /* Oswald.ttf in Resources */,
				3D7430F3DA754D3AB7C05704 /* AntDesign.ttf in Resources */,
				0D2DE32ADA7346B1B9829BFB /* Entypo.ttf in Resources */,
				F65752C93C134B7C93F68484 /* EvilIcons.ttf in Resources */,
				76C70D79298543C7A83D09DD /* Feather.ttf in Resources */,
				F407432C3B274E35889369BF /* FontAwesome.ttf in Resources */,
				44B208AA0B29410DB55FD86F /* FontAwesome5_Brands.ttf in Resources */,
				95744C7262E8450EA0FB5045 /* FontAwesome5_Regular.ttf in Resources */,
				8B3E5565691C4B4A8A1D76E6 /* FontAwesome5_Solid.ttf in Resources */,
				0818CAEAAF954591B51D007F /* Fontisto.ttf in Resources */,
				16F77DB6FCEE4FA885EC6C36 /* Foundation.ttf in Resources */,
				DE5DC0A272F44905B5D83FCB /* Ionicons.ttf in Resources */,
				0A3697E47B654A02A92F198B /* MaterialCommunityIcons.ttf in Resources */,
				A604EBCEA8EC430A9B366E42 /* MaterialIcons.ttf in Resources */,
				830B97409043499F9947DC3B /* Octicons.ttf in Resources */,
				7B7FD9A3A89F449082420EB6 /* SimpleLineIcons.ttf in Resources */,
				FE3AD40778F44E1B8EB6D59C /* Zocial.ttf in Resources */,
			);
			runOnlyForDeploymentPostprocessing = 0;
		};
		2D02E4791E0B4A5D006451C7 /* Resources */ = {
			isa = PBXResourcesBuildPhase;
			buildActionMask = 2147483647;
			files = (
				2D02E4BD1E0B4A84006451C7 /* Images.xcassets in Resources */,
			);
			runOnlyForDeploymentPostprocessing = 0;
		};
		2D02E48E1E0B4A5D006451C7 /* Resources */ = {
			isa = PBXResourcesBuildPhase;
			buildActionMask = 2147483647;
			files = (
			);
			runOnlyForDeploymentPostprocessing = 0;
		};
/* End PBXResourcesBuildPhase section */

/* Begin PBXShellScriptBuildPhase section */
		00DD1BFF1BD5951E006B06BC /* Bundle React Native code and images */ = {
			isa = PBXShellScriptBuildPhase;
			buildActionMask = 2147483647;
			files = (
			);
			inputPaths = (
			);
			name = "Bundle React Native code and images";
			outputPaths = (
			);
			runOnlyForDeploymentPostprocessing = 0;
			shellPath = /bin/sh;
			shellScript = "export NODE_BINARY=node\n../node_modules/react-native/scripts/react-native-xcode.sh";
		};
		2D02E4CB1E0B4B27006451C7 /* Bundle React Native Code And Images */ = {
			isa = PBXShellScriptBuildPhase;
			buildActionMask = 2147483647;
			files = (
			);
			inputPaths = (
			);
			name = "Bundle React Native Code And Images";
			outputPaths = (
			);
			runOnlyForDeploymentPostprocessing = 0;
			shellPath = /bin/sh;
			shellScript = "export NODE_BINARY=node\n../node_modules/react-native/scripts/react-native-xcode.sh";
		};
		56BB0964D66ACA81CB329058 /* [CP] Check Pods Manifest.lock */ = {
			isa = PBXShellScriptBuildPhase;
			buildActionMask = 2147483647;
			files = (
			);
			inputFileListPaths = (
			);
			inputPaths = (
				"${PODS_PODFILE_DIR_PATH}/Podfile.lock",
				"${PODS_ROOT}/Manifest.lock",
			);
			name = "[CP] Check Pods Manifest.lock";
			outputFileListPaths = (
			);
			outputPaths = (
				"$(DERIVED_FILE_DIR)/Pods-investimentus-checkManifestLockResult.txt",
			);
			runOnlyForDeploymentPostprocessing = 0;
			shellPath = /bin/sh;
			shellScript = "diff \"${PODS_PODFILE_DIR_PATH}/Podfile.lock\" \"${PODS_ROOT}/Manifest.lock\" > /dev/null\nif [ $? != 0 ] ; then\n    # print error to STDERR\n    echo \"error: The sandbox is not in sync with the Podfile.lock. Run 'pod install' or update your CocoaPods installation.\" >&2\n    exit 1\nfi\n# This output is used by Xcode 'outputs' to avoid re-running this script phase.\necho \"SUCCESS\" > \"${SCRIPT_OUTPUT_FILE_0}\"\n";
			showEnvVarsInLog = 0;
		};
		939AA040A749BEA451C41FAF /* [CP] Copy Pods Resources */ = {
			isa = PBXShellScriptBuildPhase;
			buildActionMask = 2147483647;
			files = (
			);
			inputPaths = (
				"${PODS_ROOT}/Target Support Files/Pods-investimentus/Pods-investimentus-resources.sh",
				"${PODS_CONFIGURATION_BUILD_DIR}/React-Core/AccessibilityResources.bundle",
			);
			name = "[CP] Copy Pods Resources";
			outputPaths = (
				"${TARGET_BUILD_DIR}/${UNLOCALIZED_RESOURCES_FOLDER_PATH}/AccessibilityResources.bundle",
			);
			runOnlyForDeploymentPostprocessing = 0;
			shellPath = /bin/sh;
			shellScript = "\"${PODS_ROOT}/Target Support Files/Pods-investimentus/Pods-investimentus-resources.sh\"\n";
			showEnvVarsInLog = 0;
		};
		AB8BA712A9E3C8299FEDF685 /* [CP] Check Pods Manifest.lock */ = {
			isa = PBXShellScriptBuildPhase;
			buildActionMask = 2147483647;
			files = (
			);
			inputFileListPaths = (
			);
			inputPaths = (
				"${PODS_PODFILE_DIR_PATH}/Podfile.lock",
				"${PODS_ROOT}/Manifest.lock",
			);
			name = "[CP] Check Pods Manifest.lock";
			outputFileListPaths = (
			);
			outputPaths = (
				"$(DERIVED_FILE_DIR)/Pods-investimentus-investimentusTests-checkManifestLockResult.txt",
			);
			runOnlyForDeploymentPostprocessing = 0;
			shellPath = /bin/sh;
			shellScript = "diff \"${PODS_PODFILE_DIR_PATH}/Podfile.lock\" \"${PODS_ROOT}/Manifest.lock\" > /dev/null\nif [ $? != 0 ] ; then\n    # print error to STDERR\n    echo \"error: The sandbox is not in sync with the Podfile.lock. Run 'pod install' or update your CocoaPods installation.\" >&2\n    exit 1\nfi\n# This output is used by Xcode 'outputs' to avoid re-running this script phase.\necho \"SUCCESS\" > \"${SCRIPT_OUTPUT_FILE_0}\"\n";
			showEnvVarsInLog = 0;
		};
		AC5C4317885471049C253EC5 /* [CP] Check Pods Manifest.lock */ = {
			isa = PBXShellScriptBuildPhase;
			buildActionMask = 2147483647;
			files = (
			);
			inputFileListPaths = (
			);
			inputPaths = (
				"${PODS_PODFILE_DIR_PATH}/Podfile.lock",
				"${PODS_ROOT}/Manifest.lock",
			);
			name = "[CP] Check Pods Manifest.lock";
			outputFileListPaths = (
			);
			outputPaths = (
				"$(DERIVED_FILE_DIR)/Pods-investimentus-tvOS-checkManifestLockResult.txt",
			);
			runOnlyForDeploymentPostprocessing = 0;
			shellPath = /bin/sh;
			shellScript = "diff \"${PODS_PODFILE_DIR_PATH}/Podfile.lock\" \"${PODS_ROOT}/Manifest.lock\" > /dev/null\nif [ $? != 0 ] ; then\n    # print error to STDERR\n    echo \"error: The sandbox is not in sync with the Podfile.lock. Run 'pod install' or update your CocoaPods installation.\" >&2\n    exit 1\nfi\n# This output is used by Xcode 'outputs' to avoid re-running this script phase.\necho \"SUCCESS\" > \"${SCRIPT_OUTPUT_FILE_0}\"\n";
			showEnvVarsInLog = 0;
		};
		E9E7302C7165BD852410D3F9 /* [CP] Copy Pods Resources */ = {
			isa = PBXShellScriptBuildPhase;
			buildActionMask = 2147483647;
			files = (
			);
			inputPaths = (
				"${PODS_ROOT}/Target Support Files/Pods-investimentus-investimentusTests/Pods-investimentus-investimentusTests-resources.sh",
				"${PODS_CONFIGURATION_BUILD_DIR}/React-Core/AccessibilityResources.bundle",
			);
			name = "[CP] Copy Pods Resources";
			outputPaths = (
				"${TARGET_BUILD_DIR}/${UNLOCALIZED_RESOURCES_FOLDER_PATH}/AccessibilityResources.bundle",
			);
			runOnlyForDeploymentPostprocessing = 0;
			shellPath = /bin/sh;
			shellScript = "\"${PODS_ROOT}/Target Support Files/Pods-investimentus-investimentusTests/Pods-investimentus-investimentusTests-resources.sh\"\n";
			showEnvVarsInLog = 0;
		};
		FB35D294DF0A3DECEA5AB016 /* [CP] Check Pods Manifest.lock */ = {
			isa = PBXShellScriptBuildPhase;
			buildActionMask = 2147483647;
			files = (
			);
			inputFileListPaths = (
			);
			inputPaths = (
				"${PODS_PODFILE_DIR_PATH}/Podfile.lock",
				"${PODS_ROOT}/Manifest.lock",
			);
			name = "[CP] Check Pods Manifest.lock";
			outputFileListPaths = (
			);
			outputPaths = (
				"$(DERIVED_FILE_DIR)/Pods-investimentus-tvOSTests-checkManifestLockResult.txt",
			);
			runOnlyForDeploymentPostprocessing = 0;
			shellPath = /bin/sh;
			shellScript = "diff \"${PODS_PODFILE_DIR_PATH}/Podfile.lock\" \"${PODS_ROOT}/Manifest.lock\" > /dev/null\nif [ $? != 0 ] ; then\n    # print error to STDERR\n    echo \"error: The sandbox is not in sync with the Podfile.lock. Run 'pod install' or update your CocoaPods installation.\" >&2\n    exit 1\nfi\n# This output is used by Xcode 'outputs' to avoid re-running this script phase.\necho \"SUCCESS\" > \"${SCRIPT_OUTPUT_FILE_0}\"\n";
			showEnvVarsInLog = 0;
		};
		FD10A7F022414F080027D42C /* Start Packager */ = {
			isa = PBXShellScriptBuildPhase;
			buildActionMask = 2147483647;
			files = (
			);
			inputFileListPaths = (
			);
			inputPaths = (
			);
			name = "Start Packager";
			outputFileListPaths = (
			);
			outputPaths = (
			);
			runOnlyForDeploymentPostprocessing = 0;
			shellPath = /bin/sh;
			shellScript = "export RCT_METRO_PORT=\"${RCT_METRO_PORT:=8081}\"\necho \"export RCT_METRO_PORT=${RCT_METRO_PORT}\" > \"${SRCROOT}/../node_modules/react-native/scripts/.packager.env\"\nif [ -z \"${RCT_NO_LAUNCH_PACKAGER+xxx}\" ] ; then\n  if nc -w 5 -z localhost ${RCT_METRO_PORT} ; then\n    if ! curl -s \"http://localhost:${RCT_METRO_PORT}/status\" | grep -q \"packager-status:running\" ; then\n      echo \"Port ${RCT_METRO_PORT} already in use, packager is either not running or not running correctly\"\n      exit 2\n    fi\n  else\n    open \"$SRCROOT/../node_modules/react-native/scripts/launchPackager.command\" || echo \"Can't start packager automatically\"\n  fi\nfi\n";
			showEnvVarsInLog = 0;
		};
		FD10A7F122414F3F0027D42C /* Start Packager */ = {
			isa = PBXShellScriptBuildPhase;
			buildActionMask = 2147483647;
			files = (
			);
			inputFileListPaths = (
			);
			inputPaths = (
			);
			name = "Start Packager";
			outputFileListPaths = (
			);
			outputPaths = (
			);
			runOnlyForDeploymentPostprocessing = 0;
			shellPath = /bin/sh;
			shellScript = "export RCT_METRO_PORT=\"${RCT_METRO_PORT:=8081}\"\necho \"export RCT_METRO_PORT=${RCT_METRO_PORT}\" > \"${SRCROOT}/../node_modules/react-native/scripts/.packager.env\"\nif [ -z \"${RCT_NO_LAUNCH_PACKAGER+xxx}\" ] ; then\n  if nc -w 5 -z localhost ${RCT_METRO_PORT} ; then\n    if ! curl -s \"http://localhost:${RCT_METRO_PORT}/status\" | grep -q \"packager-status:running\" ; then\n      echo \"Port ${RCT_METRO_PORT} already in use, packager is either not running or not running correctly\"\n      exit 2\n    fi\n  else\n    open \"$SRCROOT/../node_modules/react-native/scripts/launchPackager.command\" || echo \"Can't start packager automatically\"\n  fi\nfi\n";
			showEnvVarsInLog = 0;
		};
/* End PBXShellScriptBuildPhase section */

/* Begin PBXSourcesBuildPhase section */
		00E356EA1AD99517003FC87E /* Sources */ = {
			isa = PBXSourcesBuildPhase;
			buildActionMask = 2147483647;
			files = (
				00E356F31AD99517003FC87E /* investimentusTests.m in Sources */,
			);
			runOnlyForDeploymentPostprocessing = 0;
		};
		13B07F871A680F5B00A75B9A /* Sources */ = {
			isa = PBXSourcesBuildPhase;
			buildActionMask = 2147483647;
			files = (
				13B07FBC1A68108700A75B9A /* AppDelegate.m in Sources */,
				13B07FC11A68108700A75B9A /* main.m in Sources */,
			);
			runOnlyForDeploymentPostprocessing = 0;
		};
		2D02E4771E0B4A5D006451C7 /* Sources */ = {
			isa = PBXSourcesBuildPhase;
			buildActionMask = 2147483647;
			files = (
				2D02E4BF1E0B4AB3006451C7 /* main.m in Sources */,
				2D02E4BC1E0B4A80006451C7 /* AppDelegate.m in Sources */,
			);
			runOnlyForDeploymentPostprocessing = 0;
		};
		2D02E48C1E0B4A5D006451C7 /* Sources */ = {
			isa = PBXSourcesBuildPhase;
			buildActionMask = 2147483647;
			files = (
				2DCD954D1E0B4F2C00145EB5 /* investimentusTests.m in Sources */,
			);
			runOnlyForDeploymentPostprocessing = 0;
		};
/* End PBXSourcesBuildPhase section */

/* Begin PBXTargetDependency section */
		00E356F51AD99517003FC87E /* PBXTargetDependency */ = {
			isa = PBXTargetDependency;
			target = 13B07F861A680F5B00A75B9A /* investimentus */;
			targetProxy = 00E356F41AD99517003FC87E /* PBXContainerItemProxy */;
		};
		2D02E4921E0B4A5D006451C7 /* PBXTargetDependency */ = {
			isa = PBXTargetDependency;
			target = 2D02E47A1E0B4A5D006451C7 /* investimentus-tvOS */;
			targetProxy = 2D02E4911E0B4A5D006451C7 /* PBXContainerItemProxy */;
		};
/* End PBXTargetDependency section */

/* Begin XCBuildConfiguration section */
		00E356F61AD99517003FC87E /* Debug */ = {
			isa = XCBuildConfiguration;
			baseConfigurationReference = 2CDC8FC456E136E7420BF5BD /* Pods-investimentus-investimentusTests.debug.xcconfig */;
			buildSettings = {
				BUNDLE_LOADER = "$(TEST_HOST)";
				GCC_PREPROCESSOR_DEFINITIONS = (
					"DEBUG=1",
					"$(inherited)",
				);
				INFOPLIST_FILE = investimentusTests/Info.plist;
				IPHONEOS_DEPLOYMENT_TARGET = 10.0;
				LD_RUNPATH_SEARCH_PATHS = "$(inherited) @executable_path/Frameworks @loader_path/Frameworks";
				OTHER_LDFLAGS = (
					"-ObjC",
					"-lc++",
					"$(inherited)",
				);
				PRODUCT_BUNDLE_IDENTIFIER = "org.reactjs.native.example.$(PRODUCT_NAME:rfc1034identifier)";
				PRODUCT_NAME = "$(TARGET_NAME)";
				TEST_HOST = "$(BUILT_PRODUCTS_DIR)/investimentus.app/investimentus";
			};
			name = Debug;
		};
		00E356F71AD99517003FC87E /* Release */ = {
			isa = XCBuildConfiguration;
			baseConfigurationReference = FC02FD7C2AA58091C46880DC /* Pods-investimentus-investimentusTests.release.xcconfig */;
			buildSettings = {
				BUNDLE_LOADER = "$(TEST_HOST)";
				COPY_PHASE_STRIP = NO;
				INFOPLIST_FILE = investimentusTests/Info.plist;
				IPHONEOS_DEPLOYMENT_TARGET = 10.0;
				LD_RUNPATH_SEARCH_PATHS = "$(inherited) @executable_path/Frameworks @loader_path/Frameworks";
				OTHER_LDFLAGS = (
					"-ObjC",
					"-lc++",
					"$(inherited)",
				);
				PRODUCT_BUNDLE_IDENTIFIER = "org.reactjs.native.example.$(PRODUCT_NAME:rfc1034identifier)";
				PRODUCT_NAME = "$(TARGET_NAME)";
				TEST_HOST = "$(BUILT_PRODUCTS_DIR)/investimentus.app/investimentus";
			};
			name = Release;
		};
		13B07F941A680F5B00A75B9A /* Debug */ = {
			isa = XCBuildConfiguration;
			baseConfigurationReference = FFB92A94A20DE7BAFFCEEA52 /* Pods-investimentus.debug.xcconfig */;
			buildSettings = {
				ASSETCATALOG_COMPILER_APPICON_NAME = AppIcon;
				CLANG_ENABLE_MODULES = YES;
				CURRENT_PROJECT_VERSION = 1;
				ENABLE_BITCODE = NO;
				INFOPLIST_FILE = investimentus/Info.plist;
				LD_RUNPATH_SEARCH_PATHS = "$(inherited) @executable_path/Frameworks";
				OTHER_LDFLAGS = (
					"$(inherited)",
					"-ObjC",
					"-lc++",
				);
				PRODUCT_BUNDLE_IDENTIFIER = "org.reactjs.native.example.$(PRODUCT_NAME:rfc1034identifier)";
				PRODUCT_NAME = investimentus;
				SWIFT_OPTIMIZATION_LEVEL = "-Onone";
				SWIFT_VERSION = 5.0;
				VERSIONING_SYSTEM = "apple-generic";
			};
			name = Debug;
		};
		13B07F951A680F5B00A75B9A /* Release */ = {
			isa = XCBuildConfiguration;
			baseConfigurationReference = B7AD69B9C440D05705516A56 /* Pods-investimentus.release.xcconfig */;
			buildSettings = {
				ASSETCATALOG_COMPILER_APPICON_NAME = AppIcon;
				CLANG_ENABLE_MODULES = YES;
				CURRENT_PROJECT_VERSION = 1;
				INFOPLIST_FILE = investimentus/Info.plist;
				LD_RUNPATH_SEARCH_PATHS = "$(inherited) @executable_path/Frameworks";
				OTHER_LDFLAGS = (
					"$(inherited)",
					"-ObjC",
					"-lc++",
				);
				PRODUCT_BUNDLE_IDENTIFIER = "org.reactjs.native.example.$(PRODUCT_NAME:rfc1034identifier)";
				PRODUCT_NAME = investimentus;
				SWIFT_VERSION = 5.0;
				VERSIONING_SYSTEM = "apple-generic";
			};
			name = Release;
		};
		2D02E4971E0B4A5E006451C7 /* Debug */ = {
			isa = XCBuildConfiguration;
			baseConfigurationReference = 2BE6A9DDB4D0EE368B69CEFE /* Pods-investimentus-tvOS.debug.xcconfig */;
			buildSettings = {
				ASSETCATALOG_COMPILER_APPICON_NAME = "App Icon & Top Shelf Image";
				ASSETCATALOG_COMPILER_LAUNCHIMAGE_NAME = LaunchImage;
				CLANG_ANALYZER_NONNULL = YES;
				CLANG_WARN_DOCUMENTATION_COMMENTS = YES;
				CLANG_WARN_INFINITE_RECURSION = YES;
				CLANG_WARN_SUSPICIOUS_MOVE = YES;
				DEBUG_INFORMATION_FORMAT = dwarf;
				ENABLE_TESTABILITY = YES;
				GCC_NO_COMMON_BLOCKS = YES;
				INFOPLIST_FILE = "investimentus-tvOS/Info.plist";
				LD_RUNPATH_SEARCH_PATHS = "$(inherited) @executable_path/Frameworks";
				OTHER_LDFLAGS = (
					"$(inherited)",
					"-ObjC",
					"-lc++",
				);
				PRODUCT_BUNDLE_IDENTIFIER = "org.reactjs.native.example.investimentus-tvOS";
				PRODUCT_NAME = "$(TARGET_NAME)";
				SDKROOT = appletvos;
				TARGETED_DEVICE_FAMILY = 3;
				TVOS_DEPLOYMENT_TARGET = 10.0;
			};
			name = Debug;
		};
		2D02E4981E0B4A5E006451C7 /* Release */ = {
			isa = XCBuildConfiguration;
			baseConfigurationReference = 67D1BE72E399FDC720C5C380 /* Pods-investimentus-tvOS.release.xcconfig */;
			buildSettings = {
				ASSETCATALOG_COMPILER_APPICON_NAME = "App Icon & Top Shelf Image";
				ASSETCATALOG_COMPILER_LAUNCHIMAGE_NAME = LaunchImage;
				CLANG_ANALYZER_NONNULL = YES;
				CLANG_WARN_DOCUMENTATION_COMMENTS = YES;
				CLANG_WARN_INFINITE_RECURSION = YES;
				CLANG_WARN_SUSPICIOUS_MOVE = YES;
				COPY_PHASE_STRIP = NO;
				DEBUG_INFORMATION_FORMAT = "dwarf-with-dsym";
				GCC_NO_COMMON_BLOCKS = YES;
				INFOPLIST_FILE = "investimentus-tvOS/Info.plist";
				LD_RUNPATH_SEARCH_PATHS = "$(inherited) @executable_path/Frameworks";
				OTHER_LDFLAGS = (
					"$(inherited)",
					"-ObjC",
					"-lc++",
				);
				PRODUCT_BUNDLE_IDENTIFIER = "org.reactjs.native.example.investimentus-tvOS";
				PRODUCT_NAME = "$(TARGET_NAME)";
				SDKROOT = appletvos;
				TARGETED_DEVICE_FAMILY = 3;
				TVOS_DEPLOYMENT_TARGET = 10.0;
			};
			name = Release;
		};
		2D02E4991E0B4A5E006451C7 /* Debug */ = {
			isa = XCBuildConfiguration;
			baseConfigurationReference = 0ADF82F205EEB5FC0818FD0D /* Pods-investimentus-tvOSTests.debug.xcconfig */;
			buildSettings = {
				BUNDLE_LOADER = "$(TEST_HOST)";
				CLANG_ANALYZER_NONNULL = YES;
				CLANG_WARN_DOCUMENTATION_COMMENTS = YES;
				CLANG_WARN_INFINITE_RECURSION = YES;
				CLANG_WARN_SUSPICIOUS_MOVE = YES;
				DEBUG_INFORMATION_FORMAT = dwarf;
				ENABLE_TESTABILITY = YES;
				GCC_NO_COMMON_BLOCKS = YES;
				INFOPLIST_FILE = "investimentus-tvOSTests/Info.plist";
				LD_RUNPATH_SEARCH_PATHS = "$(inherited) @executable_path/Frameworks @loader_path/Frameworks";
				OTHER_LDFLAGS = (
					"$(inherited)",
					"-ObjC",
					"-lc++",
				);
				PRODUCT_BUNDLE_IDENTIFIER = "org.reactjs.native.example.investimentus-tvOSTests";
				PRODUCT_NAME = "$(TARGET_NAME)";
				SDKROOT = appletvos;
				TEST_HOST = "$(BUILT_PRODUCTS_DIR)/investimentus-tvOS.app/investimentus-tvOS";
				TVOS_DEPLOYMENT_TARGET = 10.1;
			};
			name = Debug;
		};
		2D02E49A1E0B4A5E006451C7 /* Release */ = {
			isa = XCBuildConfiguration;
			baseConfigurationReference = 39AAA63D6C46429D61B53B08 /* Pods-investimentus-tvOSTests.release.xcconfig */;
			buildSettings = {
				BUNDLE_LOADER = "$(TEST_HOST)";
				CLANG_ANALYZER_NONNULL = YES;
				CLANG_WARN_DOCUMENTATION_COMMENTS = YES;
				CLANG_WARN_INFINITE_RECURSION = YES;
				CLANG_WARN_SUSPICIOUS_MOVE = YES;
				COPY_PHASE_STRIP = NO;
				DEBUG_INFORMATION_FORMAT = "dwarf-with-dsym";
				GCC_NO_COMMON_BLOCKS = YES;
				INFOPLIST_FILE = "investimentus-tvOSTests/Info.plist";
				LD_RUNPATH_SEARCH_PATHS = "$(inherited) @executable_path/Frameworks @loader_path/Frameworks";
				OTHER_LDFLAGS = (
					"$(inherited)",
					"-ObjC",
					"-lc++",
				);
				PRODUCT_BUNDLE_IDENTIFIER = "org.reactjs.native.example.investimentus-tvOSTests";
				PRODUCT_NAME = "$(TARGET_NAME)";
				SDKROOT = appletvos;
				TEST_HOST = "$(BUILT_PRODUCTS_DIR)/investimentus-tvOS.app/investimentus-tvOS";
				TVOS_DEPLOYMENT_TARGET = 10.1;
			};
			name = Release;
		};
		83CBBA201A601CBA00E9B192 /* Debug */ = {
			isa = XCBuildConfiguration;
			buildSettings = {
				ALWAYS_SEARCH_USER_PATHS = NO;
				CLANG_ANALYZER_LOCALIZABILITY_NONLOCALIZED = YES;
				CLANG_CXX_LANGUAGE_STANDARD = "gnu++0x";
				CLANG_CXX_LIBRARY = "libc++";
				CLANG_ENABLE_MODULES = YES;
				CLANG_ENABLE_OBJC_ARC = YES;
				CLANG_WARN_BLOCK_CAPTURE_AUTORELEASING = YES;
				CLANG_WARN_BOOL_CONVERSION = YES;
				CLANG_WARN_COMMA = YES;
				CLANG_WARN_CONSTANT_CONVERSION = YES;
				CLANG_WARN_DEPRECATED_OBJC_IMPLEMENTATIONS = YES;
				CLANG_WARN_DIRECT_OBJC_ISA_USAGE = YES_ERROR;
				CLANG_WARN_EMPTY_BODY = YES;
				CLANG_WARN_ENUM_CONVERSION = YES;
				CLANG_WARN_INFINITE_RECURSION = YES;
				CLANG_WARN_INT_CONVERSION = YES;
				CLANG_WARN_NON_LITERAL_NULL_CONVERSION = YES;
				CLANG_WARN_OBJC_IMPLICIT_RETAIN_SELF = YES;
				CLANG_WARN_OBJC_LITERAL_CONVERSION = YES;
				CLANG_WARN_OBJC_ROOT_CLASS = YES_ERROR;
				CLANG_WARN_RANGE_LOOP_ANALYSIS = YES;
				CLANG_WARN_STRICT_PROTOTYPES = YES;
				CLANG_WARN_SUSPICIOUS_MOVE = YES;
				CLANG_WARN_UNREACHABLE_CODE = YES;
				CLANG_WARN__DUPLICATE_METHOD_MATCH = YES;
				"CODE_SIGN_IDENTITY[sdk=iphoneos*]" = "iPhone Developer";
				COPY_PHASE_STRIP = NO;
				ENABLE_STRICT_OBJC_MSGSEND = YES;
				ENABLE_TESTABILITY = YES;
				GCC_C_LANGUAGE_STANDARD = gnu99;
				GCC_DYNAMIC_NO_PIC = NO;
				GCC_NO_COMMON_BLOCKS = YES;
				GCC_OPTIMIZATION_LEVEL = 0;
				GCC_PREPROCESSOR_DEFINITIONS = (
					"DEBUG=1",
					"$(inherited)",
				);
				GCC_SYMBOLS_PRIVATE_EXTERN = NO;
				GCC_WARN_64_TO_32_BIT_CONVERSION = YES;
				GCC_WARN_ABOUT_RETURN_TYPE = YES_ERROR;
				GCC_WARN_UNDECLARED_SELECTOR = YES;
				GCC_WARN_UNINITIALIZED_AUTOS = YES_AGGRESSIVE;
				GCC_WARN_UNUSED_FUNCTION = YES;
				GCC_WARN_UNUSED_VARIABLE = YES;
				IPHONEOS_DEPLOYMENT_TARGET = 10.0;
				LD_RUNPATH_SEARCH_PATHS = "/usr/lib/swift $(inherited)";
				LIBRARY_SEARCH_PATHS = (
					"\"$(TOOLCHAIN_DIR)/usr/lib/swift/$(PLATFORM_NAME)\"",
					"\"$(TOOLCHAIN_DIR)/usr/lib/swift-5.0/$(PLATFORM_NAME)\"",
					"\"$(inherited)\"",
				);
				MTL_ENABLE_DEBUG_INFO = YES;
				ONLY_ACTIVE_ARCH = YES;
				SDKROOT = iphoneos;
			};
			name = Debug;
		};
		83CBBA211A601CBA00E9B192 /* Release */ = {
			isa = XCBuildConfiguration;
			buildSettings = {
				ALWAYS_SEARCH_USER_PATHS = NO;
				CLANG_ANALYZER_LOCALIZABILITY_NONLOCALIZED = YES;
				CLANG_CXX_LANGUAGE_STANDARD = "gnu++0x";
				CLANG_CXX_LIBRARY = "libc++";
				CLANG_ENABLE_MODULES = YES;
				CLANG_ENABLE_OBJC_ARC = YES;
				CLANG_WARN_BLOCK_CAPTURE_AUTORELEASING = YES;
				CLANG_WARN_BOOL_CONVERSION = YES;
				CLANG_WARN_COMMA = YES;
				CLANG_WARN_CONSTANT_CONVERSION = YES;
				CLANG_WARN_DEPRECATED_OBJC_IMPLEMENTATIONS = YES;
				CLANG_WARN_DIRECT_OBJC_ISA_USAGE = YES_ERROR;
				CLANG_WARN_EMPTY_BODY = YES;
				CLANG_WARN_ENUM_CONVERSION = YES;
				CLANG_WARN_INFINITE_RECURSION = YES;
				CLANG_WARN_INT_CONVERSION = YES;
				CLANG_WARN_NON_LITERAL_NULL_CONVERSION = YES;
				CLANG_WARN_OBJC_IMPLICIT_RETAIN_SELF = YES;
				CLANG_WARN_OBJC_LITERAL_CONVERSION = YES;
				CLANG_WARN_OBJC_ROOT_CLASS = YES_ERROR;
				CLANG_WARN_RANGE_LOOP_ANALYSIS = YES;
				CLANG_WARN_STRICT_PROTOTYPES = YES;
				CLANG_WARN_SUSPICIOUS_MOVE = YES;
				CLANG_WARN_UNREACHABLE_CODE = YES;
				CLANG_WARN__DUPLICATE_METHOD_MATCH = YES;
				"CODE_SIGN_IDENTITY[sdk=iphoneos*]" = "iPhone Developer";
				COPY_PHASE_STRIP = YES;
				ENABLE_NS_ASSERTIONS = NO;
				ENABLE_STRICT_OBJC_MSGSEND = YES;
				GCC_C_LANGUAGE_STANDARD = gnu99;
				GCC_NO_COMMON_BLOCKS = YES;
				GCC_WARN_64_TO_32_BIT_CONVERSION = YES;
				GCC_WARN_ABOUT_RETURN_TYPE = YES_ERROR;
				GCC_WARN_UNDECLARED_SELECTOR = YES;
				GCC_WARN_UNINITIALIZED_AUTOS = YES_AGGRESSIVE;
				GCC_WARN_UNUSED_FUNCTION = YES;
				GCC_WARN_UNUSED_VARIABLE = YES;
				IPHONEOS_DEPLOYMENT_TARGET = 10.0;
				LD_RUNPATH_SEARCH_PATHS = "/usr/lib/swift $(inherited)";
				LIBRARY_SEARCH_PATHS = (
					"\"$(TOOLCHAIN_DIR)/usr/lib/swift/$(PLATFORM_NAME)\"",
					"\"$(TOOLCHAIN_DIR)/usr/lib/swift-5.0/$(PLATFORM_NAME)\"",
					"\"$(inherited)\"",
				);
				MTL_ENABLE_DEBUG_INFO = NO;
				SDKROOT = iphoneos;
				VALIDATE_PRODUCT = YES;
			};
			name = Release;
		};
/* End XCBuildConfiguration section */

/* Begin XCConfigurationList section */
		00E357021AD99517003FC87E /* Build configuration list for PBXNativeTarget "investimentusTests" */ = {
			isa = XCConfigurationList;
			buildConfigurations = (
				00E356F61AD99517003FC87E /* Debug */,
				00E356F71AD99517003FC87E /* Release */,
			);
			defaultConfigurationIsVisible = 0;
			defaultConfigurationName = Release;
		};
		13B07F931A680F5B00A75B9A /* Build configuration list for PBXNativeTarget "investimentus" */ = {
			isa = XCConfigurationList;
			buildConfigurations = (
				13B07F941A680F5B00A75B9A /* Debug */,
				13B07F951A680F5B00A75B9A /* Release */,
			);
			defaultConfigurationIsVisible = 0;
			defaultConfigurationName = Release;
		};
		2D02E4BA1E0B4A5E006451C7 /* Build configuration list for PBXNativeTarget "investimentus-tvOS" */ = {
			isa = XCConfigurationList;
			buildConfigurations = (
				2D02E4971E0B4A5E006451C7 /* Debug */,
				2D02E4981E0B4A5E006451C7 /* Release */,
			);
			defaultConfigurationIsVisible = 0;
			defaultConfigurationName = Release;
		};
		2D02E4BB1E0B4A5E006451C7 /* Build configuration list for PBXNativeTarget "investimentus-tvOSTests" */ = {
			isa = XCConfigurationList;
			buildConfigurations = (
				2D02E4991E0B4A5E006451C7 /* Debug */,
				2D02E49A1E0B4A5E006451C7 /* Release */,
			);
			defaultConfigurationIsVisible = 0;
			defaultConfigurationName = Release;
		};
		83CBB9FA1A601CBA00E9B192 /* Build configuration list for PBXProject "investimentus" */ = {
			isa = XCConfigurationList;
			buildConfigurations = (
				83CBBA201A601CBA00E9B192 /* Debug */,
				83CBBA211A601CBA00E9B192 /* Release */,
			);
			defaultConfigurationIsVisible = 0;
			defaultConfigurationName = Release;
		};
/* End XCConfigurationList section */
	};
	rootObject = 83CBB9F71A601CBA00E9B192 /* Project object */;
}
